// !$*UTF8*$!
{
	archiveVersion = 1;
	classes = {
	};
	objectVersion = 46;
	objects = {

/* Begin PBXBuildFile section */
		01000D0B1D95BC6700EBBF97 /* AppDelegate.swift in Sources */ = {isa = PBXBuildFile; fileRef = 01000D0A1D95BC6700EBBF97 /* AppDelegate.swift */; };
		01000D0D1D95BC6700EBBF97 /* ViewController.swift in Sources */ = {isa = PBXBuildFile; fileRef = 01000D0C1D95BC6700EBBF97 /* ViewController.swift */; };
		01000D101D95BC6700EBBF97 /* Main.storyboard in Resources */ = {isa = PBXBuildFile; fileRef = 01000D0E1D95BC6700EBBF97 /* Main.storyboard */; };
		01000D121D95BC6700EBBF97 /* Assets.xcassets in Resources */ = {isa = PBXBuildFile; fileRef = 01000D111D95BC6700EBBF97 /* Assets.xcassets */; };
		01000D151D95BC6700EBBF97 /* LaunchScreen.storyboard in Resources */ = {isa = PBXBuildFile; fileRef = 01000D131D95BC6700EBBF97 /* LaunchScreen.storyboard */; };
		01000D201D95BC6700EBBF97 /* Lab3Tests.swift in Sources */ = {isa = PBXBuildFile; fileRef = 01000D1F1D95BC6700EBBF97 /* Lab3Tests.swift */; };
		01000D2B1D95BC6700EBBF97 /* Lab3UITests.swift in Sources */ = {isa = PBXBuildFile; fileRef = 01000D2A1D95BC6700EBBF97 /* Lab3UITests.swift */; };
		01000D3D1D95CC4200EBBF97 /* CircleView.swift in Sources */ = {isa = PBXBuildFile; fileRef = 01000D3C1D95CC4200EBBF97 /* CircleView.swift */; };
/* End PBXBuildFile section */

/* Begin PBXContainerItemProxy section */
		01000D1C1D95BC6700EBBF97 /* PBXContainerItemProxy */ = {
			isa = PBXContainerItemProxy;
			containerPortal = 01000CFF1D95BC6700EBBF97 /* Project object */;
			proxyType = 1;
			remoteGlobalIDString = 01000D061D95BC6700EBBF97;
			remoteInfo = Lab3;
		};
		01000D271D95BC6700EBBF97 /* PBXContainerItemProxy */ = {
			isa = PBXContainerItemProxy;
			containerPortal = 01000CFF1D95BC6700EBBF97 /* Project object */;
			proxyType = 1;
			remoteGlobalIDString = 01000D061D95BC6700EBBF97;
			remoteInfo = Lab3;
		};
/* End PBXContainerItemProxy section */

/* Begin PBXFileReference section */
		01000D071D95BC6700EBBF97 /* Lab3.app */ = {isa = PBXFileReference; explicitFileType = wrapper.application; includeInIndex = 0; path = Lab3.app; sourceTree = BUILT_PRODUCTS_DIR; };
		01000D0A1D95BC6700EBBF97 /* AppDelegate.swift */ = {isa = PBXFileReference; lastKnownFileType = sourcecode.swift; path = AppDelegate.swift; sourceTree = "<group>"; };
		01000D0C1D95BC6700EBBF97 /* ViewController.swift */ = {isa = PBXFileReference; lastKnownFileType = sourcecode.swift; path = ViewController.swift; sourceTree = "<group>"; };
		01000D0F1D95BC6700EBBF97 /* Base */ = {isa = PBXFileReference; lastKnownFileType = file.storyboard; name = Base; path = Base.lproj/Main.storyboard; sourceTree = "<group>"; };
		01000D111D95BC6700EBBF97 /* Assets.xcassets */ = {isa = PBXFileReference; lastKnownFileType = folder.assetcatalog; path = Assets.xcassets; sourceTree = "<group>"; };
		01000D141D95BC6700EBBF97 /* Base */ = {isa = PBXFileReference; lastKnownFileType = file.storyboard; name = Base; path = Base.lproj/LaunchScreen.storyboard; sourceTree = "<group>"; };
		01000D161D95BC6700EBBF97 /* Info.plist */ = {isa = PBXFileReference; lastKnownFileType = text.plist.xml; path = Info.plist; sourceTree = "<group>"; };
		01000D1B1D95BC6700EBBF97 /* Lab3Tests.xctest */ = {isa = PBXFileReference; explicitFileType = wrapper.cfbundle; includeInIndex = 0; path = Lab3Tests.xctest; sourceTree = BUILT_PRODUCTS_DIR; };
		01000D1F1D95BC6700EBBF97 /* Lab3Tests.swift */ = {isa = PBXFileReference; lastKnownFileType = sourcecode.swift; path = Lab3Tests.swift; sourceTree = "<group>"; };
		01000D211D95BC6700EBBF97 /* Info.plist */ = {isa = PBXFileReference; lastKnownFileType = text.plist.xml; path = Info.plist; sourceTree = "<group>"; };
		01000D261D95BC6700EBBF97 /* Lab3UITests.xctest */ = {isa = PBXFileReference; explicitFileType = wrapper.cfbundle; includeInIndex = 0; path = Lab3UITests.xctest; sourceTree = BUILT_PRODUCTS_DIR; };
		01000D2A1D95BC6700EBBF97 /* Lab3UITests.swift */ = {isa = PBXFileReference; lastKnownFileType = sourcecode.swift; path = Lab3UITests.swift; sourceTree = "<group>"; };
		01000D2C1D95BC6700EBBF97 /* Info.plist */ = {isa = PBXFileReference; lastKnownFileType = text.plist.xml; path = Info.plist; sourceTree = "<group>"; };
		01000D3C1D95CC4200EBBF97 /* CircleView.swift */ = {isa = PBXFileReference; fileEncoding = 4; lastKnownFileType = sourcecode.swift; path = CircleView.swift; sourceTree = "<group>"; };
/* End PBXFileReference section */

/* Begin PBXFrameworksBuildPhase section */
		01000D041D95BC6700EBBF97 /* Frameworks */ = {
			isa = PBXFrameworksBuildPhase;
			buildActionMask = 2147483647;
			files = (
			);
			runOnlyForDeploymentPostprocessing = 0;
		};
		01000D181D95BC6700EBBF97 /* Frameworks */ = {
			isa = PBXFrameworksBuildPhase;
			buildActionMask = 2147483647;
			files = (
			);
			runOnlyForDeploymentPostprocessing = 0;
		};
		01000D231D95BC6700EBBF97 /* Frameworks */ = {
			isa = PBXFrameworksBuildPhase;
			buildActionMask = 2147483647;
			files = (
			);
			runOnlyForDeploymentPostprocessing = 0;
		};
/* End PBXFrameworksBuildPhase section */

/* Begin PBXGroup section */
		01000CFE1D95BC6700EBBF97 = {
			isa = PBXGroup;
			children = (
				01000D091D95BC6700EBBF97 /* Lab3 */,
				01000D1E1D95BC6700EBBF97 /* Lab3Tests */,
				01000D291D95BC6700EBBF97 /* Lab3UITests */,
				01000D081D95BC6700EBBF97 /* Products */,
			);
			sourceTree = "<group>";
		};
		01000D081D95BC6700EBBF97 /* Products */ = {
			isa = PBXGroup;
			children = (
				01000D071D95BC6700EBBF97 /* Lab3.app */,
				01000D1B1D95BC6700EBBF97 /* Lab3Tests.xctest */,
				01000D261D95BC6700EBBF97 /* Lab3UITests.xctest */,
			);
			name = Products;
			sourceTree = "<group>";
		};
		01000D091D95BC6700EBBF97 /* Lab3 */ = {
			isa = PBXGroup;
			children = (
				01000D0A1D95BC6700EBBF97 /* AppDelegate.swift */,
				01000D0C1D95BC6700EBBF97 /* ViewController.swift */,
				01000D3C1D95CC4200EBBF97 /* CircleView.swift */,
				01000D0E1D95BC6700EBBF97 /* Main.storyboard */,
				01000D111D95BC6700EBBF97 /* Assets.xcassets */,
				01000D131D95BC6700EBBF97 /* LaunchScreen.storyboard */,
				01000D161D95BC6700EBBF97 /* Info.plist */,
			);
			path = Lab3;
			sourceTree = "<group>";
		};
		01000D1E1D95BC6700EBBF97 /* Lab3Tests */ = {
			isa = PBXGroup;
			children = (
				01000D1F1D95BC6700EBBF97 /* Lab3Tests.swift */,
				01000D211D95BC6700EBBF97 /* Info.plist */,
			);
			path = Lab3Tests;
			sourceTree = "<group>";
		};
		01000D291D95BC6700EBBF97 /* Lab3UITests */ = {
			isa = PBXGroup;
			children = (
				01000D2A1D95BC6700EBBF97 /* Lab3UITests.swift */,
				01000D2C1D95BC6700EBBF97 /* Info.plist */,
			);
			path = Lab3UITests;
			sourceTree = "<group>";
		};
/* End PBXGroup section */

/* Begin PBXNativeTarget section */
		01000D061D95BC6700EBBF97 /* Lab3 */ = {
			isa = PBXNativeTarget;
			buildConfigurationList = 01000D2F1D95BC6700EBBF97 /* Build configuration list for PBXNativeTarget "Lab3" */;
			buildPhases = (
				01000D031D95BC6700EBBF97 /* Sources */,
				01000D041D95BC6700EBBF97 /* Frameworks */,
				01000D051D95BC6700EBBF97 /* Resources */,
			);
			buildRules = (
			);
			dependencies = (
			);
			name = Lab3;
			productName = Lab3;
			productReference = 01000D071D95BC6700EBBF97 /* Lab3.app */;
			productType = "com.apple.product-type.application";
		};
		01000D1A1D95BC6700EBBF97 /* Lab3Tests */ = {
			isa = PBXNativeTarget;
			buildConfigurationList = 01000D321D95BC6700EBBF97 /* Build configuration list for PBXNativeTarget "Lab3Tests" */;
			buildPhases = (
				01000D171D95BC6700EBBF97 /* Sources */,
				01000D181D95BC6700EBBF97 /* Frameworks */,
				01000D191D95BC6700EBBF97 /* Resources */,
			);
			buildRules = (
			);
			dependencies = (
				01000D1D1D95BC6700EBBF97 /* PBXTargetDependency */,
			);
			name = Lab3Tests;
			productName = Lab3Tests;
			productReference = 01000D1B1D95BC6700EBBF97 /* Lab3Tests.xctest */;
			productType = "com.apple.product-type.bundle.unit-test";
		};
		01000D251D95BC6700EBBF97 /* Lab3UITests */ = {
			isa = PBXNativeTarget;
			buildConfigurationList = 01000D351D95BC6700EBBF97 /* Build configuration list for PBXNativeTarget "Lab3UITests" */;
			buildPhases = (
				01000D221D95BC6700EBBF97 /* Sources */,
				01000D231D95BC6700EBBF97 /* Frameworks */,
				01000D241D95BC6700EBBF97 /* Resources */,
			);
			buildRules = (
			);
			dependencies = (
				01000D281D95BC6700EBBF97 /* PBXTargetDependency */,
			);
			name = Lab3UITests;
			productName = Lab3UITests;
			productReference = 01000D261D95BC6700EBBF97 /* Lab3UITests.xctest */;
			productType = "com.apple.product-type.bundle.ui-testing";
		};
/* End PBXNativeTarget section */

/* Begin PBXProject section */
		01000CFF1D95BC6700EBBF97 /* Project object */ = {
			isa = PBXProject;
			attributes = {
				LastSwiftUpdateCheck = 0730;
				LastUpgradeCheck = 0730;
				ORGANIZATIONNAME = "Xiaoyi Xie";
				TargetAttributes = {
					01000D061D95BC6700EBBF97 = {
						CreatedOnToolsVersion = 7.3.1;
					};
					01000D1A1D95BC6700EBBF97 = {
						CreatedOnToolsVersion = 7.3.1;
						TestTargetID = 01000D061D95BC6700EBBF97;
					};
					01000D251D95BC6700EBBF97 = {
						CreatedOnToolsVersion = 7.3.1;
						TestTargetID = 01000D061D95BC6700EBBF97;
					};
				};
			};
			buildConfigurationList = 01000D021D95BC6700EBBF97 /* Build configuration list for PBXProject "Lab3" */;
			compatibilityVersion = "Xcode 3.2";
			developmentRegion = English;
			hasScannedForEncodings = 0;
			knownRegions = (
				en,
				Base,
			);
			mainGroup = 01000CFE1D95BC6700EBBF97;
			productRefGroup = 01000D081D95BC6700EBBF97 /* Products */;
			projectDirPath = "";
			projectRoot = "";
			targets = (
				01000D061D95BC6700EBBF97 /* Lab3 */,
				01000D1A1D95BC6700EBBF97 /* Lab3Tests */,
				01000D251D95BC6700EBBF97 /* Lab3UITests */,
			);
		};
/* End PBXProject section */

/* Begin PBXResourcesBuildPhase section */
		01000D051D95BC6700EBBF97 /* Resources */ = {
			isa = PBXResourcesBuildPhase;
			buildActionMask = 2147483647;
			files = (
				01000D151D95BC6700EBBF97 /* LaunchScreen.storyboard in Resources */,
				01000D121D95BC6700EBBF97 /* Assets.xcassets in Resources */,
				01000D101D95BC6700EBBF97 /* Main.storyboard in Resources */,
			);
			runOnlyForDeploymentPostprocessing = 0;
		};
		01000D191D95BC6700EBBF97 /* Resources */ = {
			isa = PBXResourcesBuildPhase;
			buildActionMask = 2147483647;
			files = (
			);
			runOnlyForDeploymentPostprocessing = 0;
		};
		01000D241D95BC6700EBBF97 /* Resources */ = {
			isa = PBXResourcesBuildPhase;
			buildActionMask = 2147483647;
			files = (
			);
			runOnlyForDeploymentPostprocessing = 0;
		};
/* End PBXResourcesBuildPhase section */

/* Begin PBXSourcesBuildPhase section */
		01000D031D95BC6700EBBF97 /* Sources */ = {
			isa = PBXSourcesBuildPhase;
			buildActionMask = 2147483647;
			files = (
				01000D3D1D95CC4200EBBF97 /* CircleView.swift in Sources */,
				01000D0D1D95BC6700EBBF97 /* ViewController.swift in Sources */,
				01000D0B1D95BC6700EBBF97 /* AppDelegate.swift in Sources */,
			);
			runOnlyForDeploymentPostprocessing = 0;
		};
		01000D171D95BC6700EBBF97 /* Sources */ = {
			isa = PBXSourcesBuildPhase;
			buildActionMask = 2147483647;
			files = (
				01000D201D95BC6700EBBF97 /* Lab3Tests.swift in Sources */,
			);
			runOnlyForDeploymentPostprocessing = 0;
		};
		01000D221D95BC6700EBBF97 /* Sources */ = {
			isa = PBXSourcesBuildPhase;
			buildActionMask = 2147483647;
			files = (
				01000D2B1D95BC6700EBBF97 /* Lab3UITests.swift in Sources */,
			);
			runOnlyForDeploymentPostprocessing = 0;
		};
/* End PBXSourcesBuildPhase section */

/* Begin PBXTargetDependency section */
		01000D1D1D95BC6700EBBF97 /* PBXTargetDependency */ = {
			isa = PBXTargetDependency;
			target = 01000D061D95BC6700EBBF97 /* Lab3 */;
			targetProxy = 01000D1C1D95BC6700EBBF97 /* PBXContainerItemProxy */;
		};
		01000D281D95BC6700EBBF97 /* PBXTargetDependency */ = {
			isa = PBXTargetDependency;
			target = 01000D061D95BC6700EBBF97 /* Lab3 */;
			targetProxy = 01000D271D95BC6700EBBF97 /* PBXContainerItemProxy */;
		};
/* End PBXTargetDependency section */

/* Begin PBXVariantGroup section */
		01000D0E1D95BC6700EBBF97 /* Main.storyboard */ = {
			isa = PBXVariantGroup;
			children = (
				01000D0F1D95BC6700EBBF97 /* Base */,
			);
			name = Main.storyboard;
			sourceTree = "<group>";
		};
		01000D131D95BC6700EBBF97 /* LaunchScreen.storyboard */ = {
			isa = PBXVariantGroup;
			children = (
				01000D141D95BC6700EBBF97 /* Base */,
			);
			name = LaunchScreen.storyboard;
			sourceTree = "<group>";
		};
/* End PBXVariantGroup section */

/* Begin XCBuildConfiguration section */
		01000D2D1D95BC6700EBBF97 /* Debug */ = {
			isa = XCBuildConfiguration;
			buildSettings = {
				ALWAYS_SEARCH_USER_PATHS = NO;
				CLANG_ANALYZER_NONNULL = YES;
				CLANG_CXX_LANGUAGE_STANDARD = "gnu++0x";
				CLANG_CXX_LIBRARY = "libc++";
				CLANG_ENABLE_MODULES = YES;
				CLANG_ENABLE_OBJC_ARC = YES;
				CLANG_WARN_BOOL_CONVERSION = YES;
				CLANG_WARN_CONSTANT_CONVERSION = YES;
				CLANG_WARN_DIRECT_OBJC_ISA_USAGE = YES_ERROR;
				CLANG_WARN_EMPTY_BODY = YES;
				CLANG_WARN_ENUM_CONVERSION = YES;
				CLANG_WARN_INT_CONVERSION = YES;
				CLANG_WARN_OBJC_ROOT_CLASS = YES_ERROR;
				CLANG_WARN_UNREACHABLE_CODE = YES;
				CLANG_WARN__DUPLICATE_METHOD_MATCH = YES;
				"CODE_SIGN_IDENTITY[sdk=iphoneos*]" = "iPhone Developer";
				COPY_PHASE_STRIP = NO;
				DEBUG_INFORMATION_FORMAT = dwarf;
				ENABLE_STRICT_OBJC_MSGSEND = YES;
				ENABLE_TESTABILITY = YES;
				GCC_C_LANGUAGE_STANDARD = gnu99;
				GCC_DYNAMIC_NO_PIC = NO;
				GCC_NO_COMMON_BLOCKS = YES;
				GCC_OPTIMIZATION_LEVEL = 0;
				GCC_PREPROCESSOR_DEFINITIONS = (
					"DEBUG=1",
					"$(inherited)",
				);
				GCC_WARN_64_TO_32_BIT_CONVERSION = YES;
				GCC_WARN_ABOUT_RETURN_TYPE = YES_ERROR;
				GCC_WARN_UNDECLARED_SELECTOR = YES;
				GCC_WARN_UNINITIALIZED_AUTOS = YES_AGGRESSIVE;
				GCC_WARN_UNUSED_FUNCTION = YES;
				GCC_WARN_UNUSED_VARIABLE = YES;
				IPHONEOS_DEPLOYMENT_TARGET = 9.3;
				MTL_ENABLE_DEBUG_INFO = YES;
				ONLY_ACTIVE_ARCH = YES;
				SDKROOT = iphoneos;
				SWIFT_OPTIMIZATION_LEVEL = "-Onone";
			};
			name = Debug;
		};
		01000D2E1D95BC6700EBBF97 /* Release */ = {
			isa = XCBuildConfiguration;
			buildSettings = {
				ALWAYS_SEARCH_USER_PATHS = NO;
				CLANG_ANALYZER_NONNULL = YES;
				CLANG_CXX_LANGUAGE_STANDARD = "gnu++0x";
				CLANG_CXX_LIBRARY = "libc++";
				CLANG_ENABLE_MODULES = YES;
				CLANG_ENABLE_OBJC_ARC = YES;
				CLANG_WARN_BOOL_CONVERSION = YES;
				CLANG_WARN_CONSTANT_CONVERSION = YES;
				CLANG_WARN_DIRECT_OBJC_ISA_USAGE = YES_ERROR;
				CLANG_WARN_EMPTY_BODY = YES;
				CLANG_WARN_ENUM_CONVERSION = YES;
				CLANG_WARN_INT_CONVERSION = YES;
				CLANG_WARN_OBJC_ROOT_CLASS = YES_ERROR;
				CLANG_WARN_UNREACHABLE_CODE = YES;
				CLANG_WARN__DUPLICATE_METHOD_MATCH = YES;
				"CODE_SIGN_IDENTITY[sdk=iphoneos*]" = "iPhone Developer";
				COPY_PHASE_STRIP = NO;
				DEBUG_INFORMATION_FORMAT = "dwarf-with-dsym";
				ENABLE_NS_ASSERTIONS = NO;
				ENABLE_STRICT_OBJC_MSGSEND = YES;
				GCC_C_LANGUAGE_STANDARD = gnu99;
				GCC_NO_COMMON_BLOCKS = YES;
				GCC_WARN_64_TO_32_BIT_CONVERSION = YES;
				GCC_WARN_ABOUT_RETURN_TYPE = YES_ERROR;
				GCC_WARN_UNDECLARED_SELECTOR = YES;
				GCC_WARN_UNINITIALIZED_AUTOS = YES_AGGRESSIVE;
				GCC_WARN_UNUSED_FUNCTION = YES;
				GCC_WARN_UNUSED_VARIABLE = YES;
				IPHONEOS_DEPLOYMENT_TARGET = 9.3;
				MTL_ENABLE_DEBUG_INFO = NO;
				SDKROOT = iphoneos;
				VALIDATE_PRODUCT = YES;
			};
			name = Release;
		};
		01000D301D95BC6700EBBF97 /* Debug */ = {
			isa = XCBuildConfiguration;
			buildSettings = {
				ASSETCATALOG_COMPILER_APPICON_NAME = AppIcon;
				INFOPLIST_FILE = Lab3/Info.plist;
				LD_RUNPATH_SEARCH_PATHS = "$(inherited) @executable_path/Frameworks";
				PRODUCT_BUNDLE_IDENTIFIER = XiaoyiXie.Lab3;
				PRODUCT_NAME = "$(TARGET_NAME)";
			};
			name = Debug;
		};
		01000D311D95BC6700EBBF97 /* Release */ = {
			isa = XCBuildConfiguration;
			buildSettings = {
				ASSETCATALOG_COMPILER_APPICON_NAME = AppIcon;
				INFOPLIST_FILE = Lab3/Info.plist;
				LD_RUNPATH_SEARCH_PATHS = "$(inherited) @executable_path/Frameworks";
				PRODUCT_BUNDLE_IDENTIFIER = XiaoyiXie.Lab3;
				PRODUCT_NAME = "$(TARGET_NAME)";
			};
			name = Release;
		};
		01000D331D95BC6700EBBF97 /* Debug */ = {
			isa = XCBuildConfiguration;
			buildSettings = {
				BUNDLE_LOADER = "$(TEST_HOST)";
				INFOPLIST_FILE = Lab3Tests/Info.plist;
				LD_RUNPATH_SEARCH_PATHS = "$(inherited) @executable_path/Frameworks @loader_path/Frameworks";
				PRODUCT_BUNDLE_IDENTIFIER = XiaoyiXie.Lab3Tests;
				PRODUCT_NAME = "$(TARGET_NAME)";
				TEST_HOST = "$(BUILT_PRODUCTS_DIR)/Lab3.app/Lab3";
			};
			name = Debug;
		};
		01000D341D95BC6700EBBF97 /* Release */ = {
			isa = XCBuildConfiguration;
			buildSettings = {
				BUNDLE_LOADER = "$(TEST_HOST)";
				INFOPLIST_FILE = Lab3Tests/Info.plist;
				LD_RUNPATH_SEARCH_PATHS = "$(inherited) @executable_path/Frameworks @loader_path/Frameworks";
				PRODUCT_BUNDLE_IDENTIFIER = XiaoyiXie.Lab3Tests;
				PRODUCT_NAME = "$(TARGET_NAME)";
				TEST_HOST = "$(BUILT_PRODUCTS_DIR)/Lab3.app/Lab3";
			};
			name = Release;
		};
		01000D361D95BC6700EBBF97 /* Debug */ = {
			isa = XCBuildConfiguration;
			buildSettings = {
				INFOPLIST_FILE = Lab3UITests/Info.plist;
				LD_RUNPATH_SEARCH_PATHS = "$(inherited) @executable_path/Frameworks @loader_path/Frameworks";
				PRODUCT_BUNDLE_IDENTIFIER = XiaoyiXie.Lab3UITests;
				PRODUCT_NAME = "$(TARGET_NAME)";
				TEST_TARGET_NAME = Lab3;
			};
			name = Debug;
		};
		01000D371D95BC6700EBBF97 /* Release */ = {
			isa = XCBuildConfiguration;
			buildSettings = {
				INFOPLIST_FILE = Lab3UITests/Info.plist;
				LD_RUNPATH_SEARCH_PATHS = "$(inherited) @executable_path/Frameworks @loader_path/Frameworks";
				PRODUCT_BUNDLE_IDENTIFIER = XiaoyiXie.Lab3UITests;
				PRODUCT_NAME = "$(TARGET_NAME)";
				TEST_TARGET_NAME = Lab3;
			};
			name = Release;
		};
/* End XCBuildConfiguration section */

/* Begin XCConfigurationList section */
		01000D021D95BC6700EBBF97 /* Build configuration list for PBXProject "Lab3" */ = {
			isa = XCConfigurationList;
			buildConfigurations = (
				01000D2D1D95BC6700EBBF97 /* Debug */,
				01000D2E1D95BC6700EBBF97 /* Release */,
			);
			defaultConfigurationIsVisible = 0;
			defaultConfigurationName = Release;
		};
		01000D2F1D95BC6700EBBF97 /* Build configuration list for PBXNativeTarget "Lab3" */ = {
			isa = XCConfigurationList;
			buildConfigurations = (
				01000D301D95BC6700EBBF97 /* Debug */,
				01000D311D95BC6700EBBF97 /* Release */,
			);
			defaultConfigurationIsVisible = 0;
			defaultConfigurationName = Release;
		};
		01000D321D95BC6700EBBF97 /* Build configuration list for PBXNativeTarget "Lab3Tests" */ = {
			isa = XCConfigurationList;
			buildConfigurations = (
				01000D331D95BC6700EBBF97 /* Debug */,
				01000D341D95BC6700EBBF97 /* Release */,
			);
			defaultConfigurationIsVisible = 0;
			defaultConfigurationName = Release;
		};
		01000D351D95BC6700EBBF97 /* Build configuration list for PBXNativeTarget "Lab3UITests" */ = {
			isa = XCConfigurationList;
			buildConfigurations = (
				01000D361D95BC6700EBBF97 /* Debug */,
				01000D371D95BC6700EBBF97 /* Release */,
			);
			defaultConfigurationIsVisible = 0;
			defaultConfigurationName = Release;
		};
/* End XCConfigurationList section */
	};
	rootObject = 01000CFF1D95BC6700EBBF97 /* Project object */;
}
